// !$*UTF8*$!
{
	archiveVersion = 1;
	classes = {
	};
	objectVersion = 56;
	objects = {

/* Begin PBXBuildFile section */
		45158E712A114596009ABB14 /* BrewListView.swift in Sources */ = {isa = PBXBuildFile; fileRef = 45158E702A114596009ABB14 /* BrewListView.swift */; };
		45158E772A1147EE009ABB14 /* BrewManager.swift in Sources */ = {isa = PBXBuildFile; fileRef = 45158E762A1147EE009ABB14 /* BrewManager.swift */; };
		45158E792A114E1B009ABB14 /* BeerManager+Sortings.swift in Sources */ = {isa = PBXBuildFile; fileRef = 45158E782A114E1B009ABB14 /* BeerManager+Sortings.swift */; };
		45158E7B2A115BAE009ABB14 /* Persistence.swift in Sources */ = {isa = PBXBuildFile; fileRef = 45158E7A2A115BAE009ABB14 /* Persistence.swift */; };
		452703562A0F89E900469098 /* BeerCatalogView.swift in Sources */ = {isa = PBXBuildFile; fileRef = 452703552A0F89E900469098 /* BeerCatalogView.swift */; };
		4562F31B2A0ED7350056201B /* BeerManager.swift in Sources */ = {isa = PBXBuildFile; fileRef = 4562F31A2A0ED7350056201B /* BeerManager.swift */; };
		45BEF1BD2A127AFE008F9926 /* BeerManager+AlertSetup.swift in Sources */ = {isa = PBXBuildFile; fileRef = 45BEF1BC2A127AFE008F9926 /* BeerManager+AlertSetup.swift */; };
		45BEF1C12A12889F008F9926 /* BrewManager+Instructions.swift in Sources */ = {isa = PBXBuildFile; fileRef = 45BEF1C02A12889F008F9926 /* BrewManager+Instructions.swift */; };
		45BEF1C42A1292AC008F9926 /* FileManager+DocDirectory.swift in Sources */ = {isa = PBXBuildFile; fileRef = 45BEF1C32A1292AC008F9926 /* FileManager+DocDirectory.swift */; };
		45BEF1C82A12BFDA008F9926 /* InstructionListView.swift in Sources */ = {isa = PBXBuildFile; fileRef = 45BEF1C72A12BFDA008F9926 /* InstructionListView.swift */; };
		45BEF1CA2A12C3E5008F9926 /* BrewListItem.swift in Sources */ = {isa = PBXBuildFile; fileRef = 45BEF1C92A12C3E5008F9926 /* BrewListItem.swift */; };
		45BEF1CC2A12C887008F9926 /* Rating.swift in Sources */ = {isa = PBXBuildFile; fileRef = 45BEF1CB2A12C887008F9926 /* Rating.swift */; };
		45BEF1CE2A12C94D008F9926 /* StarRatingView.swift in Sources */ = {isa = PBXBuildFile; fileRef = 45BEF1CD2A12C94D008F9926 /* StarRatingView.swift */; };
		45BEF1D02A12C9D2008F9926 /* RatingView.swift in Sources */ = {isa = PBXBuildFile; fileRef = 45BEF1CF2A12C9D2008F9926 /* RatingView.swift */; };
		45C07A542A10C2270058B3B9 /* ShowMoreButton.swift in Sources */ = {isa = PBXBuildFile; fileRef = 45C07A532A10C2270058B3B9 /* ShowMoreButton.swift */; };
		45C07A562A10C8BE0058B3B9 /* SommelierView.swift in Sources */ = {isa = PBXBuildFile; fileRef = 45C07A552A10C8BE0058B3B9 /* SommelierView.swift */; };
		45C07A582A10D0840058B3B9 /* SearchView.swift in Sources */ = {isa = PBXBuildFile; fileRef = 45C07A572A10D0840058B3B9 /* SearchView.swift */; };
		45C07A5A2A10F0A80058B3B9 /* AlertData.swift in Sources */ = {isa = PBXBuildFile; fileRef = 45C07A592A10F0A80058B3B9 /* AlertData.swift */; };
		45C07A5E2A1101FC0058B3B9 /* Color+EBCColors.swift in Sources */ = {isa = PBXBuildFile; fileRef = 45C07A5D2A1101FC0058B3B9 /* Color+EBCColors.swift */; };
		45C07A612A1109E00058B3B9 /* EBCScale.swift in Sources */ = {isa = PBXBuildFile; fileRef = 45C07A602A1109E00058B3B9 /* EBCScale.swift */; };
		45C07A632A1112590058B3B9 /* BeerDetailView.swift in Sources */ = {isa = PBXBuildFile; fileRef = 45C07A622A1112590058B3B9 /* BeerDetailView.swift */; };
		45C07A652A1122550058B3B9 /* IngredientsView.swift in Sources */ = {isa = PBXBuildFile; fileRef = 45C07A642A1122550058B3B9 /* IngredientsView.swift */; };
		45CE97202A0F9681008EC77A /* BeerSearchView.swift in Sources */ = {isa = PBXBuildFile; fileRef = 45CE971F2A0F9681008EC77A /* BeerSearchView.swift */; };
		45CE97222A0F997F008EC77A /* SearchParameter.swift in Sources */ = {isa = PBXBuildFile; fileRef = 45CE97212A0F997F008EC77A /* SearchParameter.swift */; };
		45CE97242A0FAB58008EC77A /* ABV.swift in Sources */ = {isa = PBXBuildFile; fileRef = 45CE97232A0FAB58008EC77A /* ABV.swift */; };
		45CE97262A0FAE0B008EC77A /* CommonPropertiesView.swift in Sources */ = {isa = PBXBuildFile; fileRef = 45CE97252A0FAE0B008EC77A /* CommonPropertiesView.swift */; };
		45CE97282A0FB2BF008EC77A /* CommonProperties.swift in Sources */ = {isa = PBXBuildFile; fileRef = 45CE97272A0FB2BF008EC77A /* CommonProperties.swift */; };
		45CE972B2A0FB2FD008EC77A /* IBU.swift in Sources */ = {isa = PBXBuildFile; fileRef = 45CE972A2A0FB2FD008EC77A /* IBU.swift */; };
		45CE972D2A0FB4BB008EC77A /* EBC.swift in Sources */ = {isa = PBXBuildFile; fileRef = 45CE972C2A0FB4BB008EC77A /* EBC.swift */; };
		45CE97312A0FEB1D008EC77A /* BeerManager+NetworkCalls.swift in Sources */ = {isa = PBXBuildFile; fileRef = 45CE97302A0FEB1D008EC77A /* BeerManager+NetworkCalls.swift */; };
		45CE97332A0FED81008EC77A /* BeerListItem.swift in Sources */ = {isa = PBXBuildFile; fileRef = 45CE97322A0FED81008EC77A /* BeerListItem.swift */; };
		45DB5E5C2A0EA49200CBE230 /* HoldMyBeerApp.swift in Sources */ = {isa = PBXBuildFile; fileRef = 45DB5E5B2A0EA49200CBE230 /* HoldMyBeerApp.swift */; };
		45DB5E5E2A0EA49200CBE230 /* ContentView.swift in Sources */ = {isa = PBXBuildFile; fileRef = 45DB5E5D2A0EA49200CBE230 /* ContentView.swift */; };
		45DB5E602A0EA49300CBE230 /* Assets.xcassets in Resources */ = {isa = PBXBuildFile; fileRef = 45DB5E5F2A0EA49300CBE230 /* Assets.xcassets */; };
		45DB5E632A0EA49300CBE230 /* Preview Assets.xcassets in Resources */ = {isa = PBXBuildFile; fileRef = 45DB5E622A0EA49300CBE230 /* Preview Assets.xcassets */; };
		45DB5E6A2A0EA57000CBE230 /* Beer.swift in Sources */ = {isa = PBXBuildFile; fileRef = 45DB5E692A0EA57000CBE230 /* Beer.swift */; };
		45DB5E6E2A0EA80600CBE230 /* NetworkManager.swift in Sources */ = {isa = PBXBuildFile; fileRef = 45DB5E6D2A0EA80600CBE230 /* NetworkManager.swift */; };
		45DB5E702A0EA8DA00CBE230 /* NetworkError.swift in Sources */ = {isa = PBXBuildFile; fileRef = 45DB5E6F2A0EA8DA00CBE230 /* NetworkError.swift */; };
		45DB5E732A0EC12600CBE230 /* URLBuilder.swift in Sources */ = {isa = PBXBuildFile; fileRef = 45DB5E722A0EC12600CBE230 /* URLBuilder.swift */; };
		45E455CD2A222CD2007456CE /* BeerListContent.swift in Sources */ = {isa = PBXBuildFile; fileRef = 45E455CC2A222CD2007456CE /* BeerListContent.swift */; };
		45FFCE962A11F33900D7F3A2 /* BrewView.swift in Sources */ = {isa = PBXBuildFile; fileRef = 45FFCE952A11F33900D7F3A2 /* BrewView.swift */; };
		45FFCE982A11F4F600D7F3A2 /* Brew.swift in Sources */ = {isa = PBXBuildFile; fileRef = 45FFCE972A11F4F600D7F3A2 /* Brew.swift */; };
		45FFCE9A2A11FC8D00D7F3A2 /* EmptyBrewView.swift in Sources */ = {isa = PBXBuildFile; fileRef = 45FFCE992A11FC8D00D7F3A2 /* EmptyBrewView.swift */; };
/* End PBXBuildFile section */

/* Begin PBXFileReference section */
		45158E702A114596009ABB14 /* BrewListView.swift */ = {isa = PBXFileReference; lastKnownFileType = sourcecode.swift; path = BrewListView.swift; sourceTree = "<group>"; };
		45158E762A1147EE009ABB14 /* BrewManager.swift */ = {isa = PBXFileReference; lastKnownFileType = sourcecode.swift; path = BrewManager.swift; sourceTree = "<group>"; };
		45158E782A114E1B009ABB14 /* BeerManager+Sortings.swift */ = {isa = PBXFileReference; lastKnownFileType = sourcecode.swift; path = "BeerManager+Sortings.swift"; sourceTree = "<group>"; };
		45158E7A2A115BAE009ABB14 /* Persistence.swift */ = {isa = PBXFileReference; lastKnownFileType = sourcecode.swift; path = Persistence.swift; sourceTree = "<group>"; };
		452703552A0F89E900469098 /* BeerCatalogView.swift */ = {isa = PBXFileReference; lastKnownFileType = sourcecode.swift; path = BeerCatalogView.swift; sourceTree = "<group>"; };
		4562F31A2A0ED7350056201B /* BeerManager.swift */ = {isa = PBXFileReference; lastKnownFileType = sourcecode.swift; path = BeerManager.swift; sourceTree = "<group>"; };
		45BEF1BC2A127AFE008F9926 /* BeerManager+AlertSetup.swift */ = {isa = PBXFileReference; lastKnownFileType = sourcecode.swift; path = "BeerManager+AlertSetup.swift"; sourceTree = "<group>"; };
		45BEF1C02A12889F008F9926 /* BrewManager+Instructions.swift */ = {isa = PBXFileReference; lastKnownFileType = sourcecode.swift; path = "BrewManager+Instructions.swift"; sourceTree = "<group>"; };
		45BEF1C32A1292AC008F9926 /* FileManager+DocDirectory.swift */ = {isa = PBXFileReference; fileEncoding = 4; lastKnownFileType = sourcecode.swift; path = "FileManager+DocDirectory.swift"; sourceTree = "<group>"; };
		45BEF1C72A12BFDA008F9926 /* InstructionListView.swift */ = {isa = PBXFileReference; lastKnownFileType = sourcecode.swift; path = InstructionListView.swift; sourceTree = "<group>"; };
		45BEF1C92A12C3E5008F9926 /* BrewListItem.swift */ = {isa = PBXFileReference; lastKnownFileType = sourcecode.swift; path = BrewListItem.swift; sourceTree = "<group>"; };
		45BEF1CB2A12C887008F9926 /* Rating.swift */ = {isa = PBXFileReference; lastKnownFileType = sourcecode.swift; path = Rating.swift; sourceTree = "<group>"; };
		45BEF1CD2A12C94D008F9926 /* StarRatingView.swift */ = {isa = PBXFileReference; lastKnownFileType = sourcecode.swift; path = StarRatingView.swift; sourceTree = "<group>"; };
		45BEF1CF2A12C9D2008F9926 /* RatingView.swift */ = {isa = PBXFileReference; lastKnownFileType = sourcecode.swift; path = RatingView.swift; sourceTree = "<group>"; };
		45C07A532A10C2270058B3B9 /* ShowMoreButton.swift */ = {isa = PBXFileReference; lastKnownFileType = sourcecode.swift; path = ShowMoreButton.swift; sourceTree = "<group>"; };
		45C07A552A10C8BE0058B3B9 /* SommelierView.swift */ = {isa = PBXFileReference; lastKnownFileType = sourcecode.swift; path = SommelierView.swift; sourceTree = "<group>"; };
		45C07A572A10D0840058B3B9 /* SearchView.swift */ = {isa = PBXFileReference; lastKnownFileType = sourcecode.swift; path = SearchView.swift; sourceTree = "<group>"; };
		45C07A592A10F0A80058B3B9 /* AlertData.swift */ = {isa = PBXFileReference; lastKnownFileType = sourcecode.swift; path = AlertData.swift; sourceTree = "<group>"; };
		45C07A5D2A1101FC0058B3B9 /* Color+EBCColors.swift */ = {isa = PBXFileReference; lastKnownFileType = sourcecode.swift; path = "Color+EBCColors.swift"; sourceTree = "<group>"; };
		45C07A602A1109E00058B3B9 /* EBCScale.swift */ = {isa = PBXFileReference; lastKnownFileType = sourcecode.swift; path = EBCScale.swift; sourceTree = "<group>"; };
		45C07A622A1112590058B3B9 /* BeerDetailView.swift */ = {isa = PBXFileReference; lastKnownFileType = sourcecode.swift; path = BeerDetailView.swift; sourceTree = "<group>"; };
		45C07A642A1122550058B3B9 /* IngredientsView.swift */ = {isa = PBXFileReference; lastKnownFileType = sourcecode.swift; path = IngredientsView.swift; sourceTree = "<group>"; };
		45CE971F2A0F9681008EC77A /* BeerSearchView.swift */ = {isa = PBXFileReference; lastKnownFileType = sourcecode.swift; path = BeerSearchView.swift; sourceTree = "<group>"; };
		45CE97212A0F997F008EC77A /* SearchParameter.swift */ = {isa = PBXFileReference; lastKnownFileType = sourcecode.swift; path = SearchParameter.swift; sourceTree = "<group>"; };
		45CE97232A0FAB58008EC77A /* ABV.swift */ = {isa = PBXFileReference; lastKnownFileType = sourcecode.swift; path = ABV.swift; sourceTree = "<group>"; };
		45CE97252A0FAE0B008EC77A /* CommonPropertiesView.swift */ = {isa = PBXFileReference; lastKnownFileType = sourcecode.swift; path = CommonPropertiesView.swift; sourceTree = "<group>"; };
		45CE97272A0FB2BF008EC77A /* CommonProperties.swift */ = {isa = PBXFileReference; lastKnownFileType = sourcecode.swift; path = CommonProperties.swift; sourceTree = "<group>"; };
		45CE972A2A0FB2FD008EC77A /* IBU.swift */ = {isa = PBXFileReference; lastKnownFileType = sourcecode.swift; path = IBU.swift; sourceTree = "<group>"; };
		45CE972C2A0FB4BB008EC77A /* EBC.swift */ = {isa = PBXFileReference; lastKnownFileType = sourcecode.swift; path = EBC.swift; sourceTree = "<group>"; };
		45CE97302A0FEB1D008EC77A /* BeerManager+NetworkCalls.swift */ = {isa = PBXFileReference; lastKnownFileType = sourcecode.swift; path = "BeerManager+NetworkCalls.swift"; sourceTree = "<group>"; };
		45CE97322A0FED81008EC77A /* BeerListItem.swift */ = {isa = PBXFileReference; lastKnownFileType = sourcecode.swift; path = BeerListItem.swift; sourceTree = "<group>"; };
		45DB5E582A0EA49200CBE230 /* HoldMyBeer.app */ = {isa = PBXFileReference; explicitFileType = wrapper.application; includeInIndex = 0; path = HoldMyBeer.app; sourceTree = BUILT_PRODUCTS_DIR; };
		45DB5E5B2A0EA49200CBE230 /* HoldMyBeerApp.swift */ = {isa = PBXFileReference; lastKnownFileType = sourcecode.swift; path = HoldMyBeerApp.swift; sourceTree = "<group>"; };
		45DB5E5D2A0EA49200CBE230 /* ContentView.swift */ = {isa = PBXFileReference; lastKnownFileType = sourcecode.swift; path = ContentView.swift; sourceTree = "<group>"; };
		45DB5E5F2A0EA49300CBE230 /* Assets.xcassets */ = {isa = PBXFileReference; lastKnownFileType = folder.assetcatalog; path = Assets.xcassets; sourceTree = "<group>"; };
		45DB5E622A0EA49300CBE230 /* Preview Assets.xcassets */ = {isa = PBXFileReference; lastKnownFileType = folder.assetcatalog; path = "Preview Assets.xcassets"; sourceTree = "<group>"; };
		45DB5E692A0EA57000CBE230 /* Beer.swift */ = {isa = PBXFileReference; lastKnownFileType = sourcecode.swift; path = Beer.swift; sourceTree = "<group>"; };
		45DB5E6D2A0EA80600CBE230 /* NetworkManager.swift */ = {isa = PBXFileReference; lastKnownFileType = sourcecode.swift; path = NetworkManager.swift; sourceTree = "<group>"; };
		45DB5E6F2A0EA8DA00CBE230 /* NetworkError.swift */ = {isa = PBXFileReference; lastKnownFileType = sourcecode.swift; path = NetworkError.swift; sourceTree = "<group>"; };
		45DB5E722A0EC12600CBE230 /* URLBuilder.swift */ = {isa = PBXFileReference; lastKnownFileType = sourcecode.swift; path = URLBuilder.swift; sourceTree = "<group>"; };
		45E455CC2A222CD2007456CE /* BeerListContent.swift */ = {isa = PBXFileReference; lastKnownFileType = sourcecode.swift; path = BeerListContent.swift; sourceTree = "<group>"; };
		45FFCE952A11F33900D7F3A2 /* BrewView.swift */ = {isa = PBXFileReference; lastKnownFileType = sourcecode.swift; path = BrewView.swift; sourceTree = "<group>"; };
		45FFCE972A11F4F600D7F3A2 /* Brew.swift */ = {isa = PBXFileReference; lastKnownFileType = sourcecode.swift; path = Brew.swift; sourceTree = "<group>"; };
		45FFCE992A11FC8D00D7F3A2 /* EmptyBrewView.swift */ = {isa = PBXFileReference; lastKnownFileType = sourcecode.swift; path = EmptyBrewView.swift; sourceTree = "<group>"; };
/* End PBXFileReference section */

/* Begin PBXFrameworksBuildPhase section */
		45DB5E552A0EA49200CBE230 /* Frameworks */ = {
			isa = PBXFrameworksBuildPhase;
			buildActionMask = 2147483647;
			files = (
			);
			runOnlyForDeploymentPostprocessing = 0;
		};
/* End PBXFrameworksBuildPhase section */

/* Begin PBXGroup section */
		45158E7C2A115BB4009ABB14 /* Auxiliaries */ = {
			isa = PBXGroup;
			children = (
				45C07A602A1109E00058B3B9 /* EBCScale.swift */,
				45158E7A2A115BAE009ABB14 /* Persistence.swift */,
			);
			path = Auxiliaries;
			sourceTree = "<group>";
		};
		452703572A0F89F300469098 /* View */ = {
			isa = PBXGroup;
			children = (
				45FFCE912A11F2AF00D7F3A2 /* BrewViews */,
				45FFCE8F2A11F26B00D7F3A2 /* BeerViews */,
				45CE972F2A0FE351008EC77A /* SearchViews */,
			);
			path = View;
			sourceTree = "<group>";
		};
		4562F31C2A0ED7390056201B /* ViewModel */ = {
			isa = PBXGroup;
			children = (
				45FFCE932A11F2D900D7F3A2 /* BeerManager */,
				45FFCE942A11F2E200D7F3A2 /* BrewManager */,
			);
			path = ViewModel;
			sourceTree = "<group>";
		};
		45C07A5F2A1104760058B3B9 /* Extensions */ = {
			isa = PBXGroup;
			children = (
				45C07A5D2A1101FC0058B3B9 /* Color+EBCColors.swift */,
				45BEF1C32A1292AC008F9926 /* FileManager+DocDirectory.swift */,
			);
			path = Extensions;
			sourceTree = "<group>";
		};
		45CE97292A0FB2D3008EC77A /* Protocol */ = {
			isa = PBXGroup;
			children = (
				45CE97272A0FB2BF008EC77A /* CommonProperties.swift */,
			);
			path = Protocol;
			sourceTree = "<group>";
		};
		45CE972E2A0FBCCC008EC77A /* SearchModels */ = {
			isa = PBXGroup;
			children = (
				45CE97212A0F997F008EC77A /* SearchParameter.swift */,
				45CE97232A0FAB58008EC77A /* ABV.swift */,
				45CE972A2A0FB2FD008EC77A /* IBU.swift */,
				45CE972C2A0FB4BB008EC77A /* EBC.swift */,
			);
			path = SearchModels;
			sourceTree = "<group>";
		};
		45CE972F2A0FE351008EC77A /* SearchViews */ = {
			isa = PBXGroup;
			children = (
				45C07A572A10D0840058B3B9 /* SearchView.swift */,
				45CE971F2A0F9681008EC77A /* BeerSearchView.swift */,
				45C07A552A10C8BE0058B3B9 /* SommelierView.swift */,
				45CE97252A0FAE0B008EC77A /* CommonPropertiesView.swift */,
			);
			path = SearchViews;
			sourceTree = "<group>";
		};
		45DB5E4F2A0EA49200CBE230 = {
			isa = PBXGroup;
			children = (
				45DB5E5A2A0EA49200CBE230 /* HoldMyBeer */,
				45DB5E592A0EA49200CBE230 /* Products */,
			);
			sourceTree = "<group>";
		};
		45DB5E592A0EA49200CBE230 /* Products */ = {
			isa = PBXGroup;
			children = (
				45DB5E582A0EA49200CBE230 /* HoldMyBeer.app */,
			);
			name = Products;
			sourceTree = "<group>";
		};
		45DB5E5A2A0EA49200CBE230 /* HoldMyBeer */ = {
			isa = PBXGroup;
			children = (
				45DB5E5B2A0EA49200CBE230 /* HoldMyBeerApp.swift */,
				45DB5E5D2A0EA49200CBE230 /* ContentView.swift */,
				45158E7C2A115BB4009ABB14 /* Auxiliaries */,
				45C07A5F2A1104760058B3B9 /* Extensions */,
				45CE97292A0FB2D3008EC77A /* Protocol */,
				45DB5E6C2A0EA7E900CBE230 /* Model */,
				452703572A0F89F300469098 /* View */,
				4562F31C2A0ED7390056201B /* ViewModel */,
				45DB5E712A0EA91200CBE230 /* Networking */,
				45DB5E5F2A0EA49300CBE230 /* Assets.xcassets */,
				45DB5E612A0EA49300CBE230 /* Preview Content */,
			);
			path = HoldMyBeer;
			sourceTree = "<group>";
		};
		45DB5E612A0EA49300CBE230 /* Preview Content */ = {
			isa = PBXGroup;
			children = (
				45DB5E622A0EA49300CBE230 /* Preview Assets.xcassets */,
			);
			path = "Preview Content";
			sourceTree = "<group>";
		};
		45DB5E6C2A0EA7E900CBE230 /* Model */ = {
			isa = PBXGroup;
			children = (
				45DB5E692A0EA57000CBE230 /* Beer.swift */,
				45FFCE972A11F4F600D7F3A2 /* Brew.swift */,
				45BEF1CB2A12C887008F9926 /* Rating.swift */,
				45C07A592A10F0A80058B3B9 /* AlertData.swift */,
				45CE972E2A0FBCCC008EC77A /* SearchModels */,
			);
			path = Model;
			sourceTree = "<group>";
		};
		45DB5E712A0EA91200CBE230 /* Networking */ = {
			isa = PBXGroup;
			children = (
				45DB5E6D2A0EA80600CBE230 /* NetworkManager.swift */,
				45DB5E6F2A0EA8DA00CBE230 /* NetworkError.swift */,
				45DB5E722A0EC12600CBE230 /* URLBuilder.swift */,
			);
			path = Networking;
			sourceTree = "<group>";
		};
		45FFCE8F2A11F26B00D7F3A2 /* BeerViews */ = {
			isa = PBXGroup;
			children = (
				452703552A0F89E900469098 /* BeerCatalogView.swift */,
				45E455CC2A222CD2007456CE /* BeerListContent.swift */,
				45CE97322A0FED81008EC77A /* BeerListItem.swift */,
				45C07A622A1112590058B3B9 /* BeerDetailView.swift */,
				45C07A642A1122550058B3B9 /* IngredientsView.swift */,
				45C07A532A10C2270058B3B9 /* ShowMoreButton.swift */,
			);
			path = BeerViews;
			sourceTree = "<group>";
		};
		45FFCE912A11F2AF00D7F3A2 /* BrewViews */ = {
			isa = PBXGroup;
			children = (
				45158E702A114596009ABB14 /* BrewListView.swift */,
				45FFCE952A11F33900D7F3A2 /* BrewView.swift */,
				45FFCE992A11FC8D00D7F3A2 /* EmptyBrewView.swift */,
				45BEF1C72A12BFDA008F9926 /* InstructionListView.swift */,
				45BEF1C92A12C3E5008F9926 /* BrewListItem.swift */,
				45BEF1CF2A12C9D2008F9926 /* RatingView.swift */,
				45BEF1CD2A12C94D008F9926 /* StarRatingView.swift */,
			);
			path = BrewViews;
			sourceTree = "<group>";
		};
		45FFCE932A11F2D900D7F3A2 /* BeerManager */ = {
			isa = PBXGroup;
			children = (
				4562F31A2A0ED7350056201B /* BeerManager.swift */,
				45CE97302A0FEB1D008EC77A /* BeerManager+NetworkCalls.swift */,
				45158E782A114E1B009ABB14 /* BeerManager+Sortings.swift */,
				45BEF1BC2A127AFE008F9926 /* BeerManager+AlertSetup.swift */,
			);
			path = BeerManager;
			sourceTree = "<group>";
		};
		45FFCE942A11F2E200D7F3A2 /* BrewManager */ = {
			isa = PBXGroup;
			children = (
				45158E762A1147EE009ABB14 /* BrewManager.swift */,
				45BEF1C02A12889F008F9926 /* BrewManager+Instructions.swift */,
			);
			path = BrewManager;
			sourceTree = "<group>";
		};
/* End PBXGroup section */

/* Begin PBXNativeTarget section */
		45DB5E572A0EA49200CBE230 /* HoldMyBeer */ = {
			isa = PBXNativeTarget;
			buildConfigurationList = 45DB5E662A0EA49300CBE230 /* Build configuration list for PBXNativeTarget "HoldMyBeer" */;
			buildPhases = (
				45DB5E542A0EA49200CBE230 /* Sources */,
				45DB5E552A0EA49200CBE230 /* Frameworks */,
				45DB5E562A0EA49200CBE230 /* Resources */,
				45BBD2E62A20FEC6009C5F52 /* ShellScript */,
			);
			buildRules = (
			);
			dependencies = (
			);
			name = HoldMyBeer;
			productName = HoldMyBeer;
			productReference = 45DB5E582A0EA49200CBE230 /* HoldMyBeer.app */;
			productType = "com.apple.product-type.application";
		};
/* End PBXNativeTarget section */

/* Begin PBXProject section */
		45DB5E502A0EA49200CBE230 /* Project object */ = {
			isa = PBXProject;
			attributes = {
				BuildIndependentTargetsInParallel = 1;
				LastSwiftUpdateCheck = 1430;
				LastUpgradeCheck = 1430;
				TargetAttributes = {
					45DB5E572A0EA49200CBE230 = {
						CreatedOnToolsVersion = 14.3;
					};
				};
			};
			buildConfigurationList = 45DB5E532A0EA49200CBE230 /* Build configuration list for PBXProject "HoldMyBeer" */;
			compatibilityVersion = "Xcode 14.0";
			developmentRegion = en;
			hasScannedForEncodings = 0;
			knownRegions = (
				en,
				Base,
			);
			mainGroup = 45DB5E4F2A0EA49200CBE230;
			productRefGroup = 45DB5E592A0EA49200CBE230 /* Products */;
			projectDirPath = "";
			projectRoot = "";
			targets = (
				45DB5E572A0EA49200CBE230 /* HoldMyBeer */,
			);
		};
/* End PBXProject section */

/* Begin PBXResourcesBuildPhase section */
		45DB5E562A0EA49200CBE230 /* Resources */ = {
			isa = PBXResourcesBuildPhase;
			buildActionMask = 2147483647;
			files = (
				45DB5E632A0EA49300CBE230 /* Preview Assets.xcassets in Resources */,
				45DB5E602A0EA49300CBE230 /* Assets.xcassets in Resources */,
			);
			runOnlyForDeploymentPostprocessing = 0;
		};
/* End PBXResourcesBuildPhase section */

/* Begin PBXShellScriptBuildPhase section */
		45BBD2E62A20FEC6009C5F52 /* ShellScript */ = {
			isa = PBXShellScriptBuildPhase;
			alwaysOutOfDate = 1;
			buildActionMask = 2147483647;
			files = (
			);
			inputFileListPaths = (
			);
			inputPaths = (
			);
			outputFileListPaths = (
			);
			outputPaths = (
			);
			runOnlyForDeploymentPostprocessing = 0;
			shellPath = /bin/sh;
			shellScript = "if [[ \"$(uname -m)\" == arm64 ]]; then\n    export PATH=\"/opt/homebrew/bin:$PATH\"\nfi\n\nif which swiftlint > /dev/null; then\n  swiftlint --fix && swiftlint\nelse\n  echo \"warning: SwiftLint not installed, download from https://github.com/realm/SwiftLint\"\nfi\n";
		};
/* End PBXShellScriptBuildPhase section */

/* Begin PBXSourcesBuildPhase section */
		45DB5E542A0EA49200CBE230 /* Sources */ = {
			isa = PBXSourcesBuildPhase;
			buildActionMask = 2147483647;
			files = (
				45C07A582A10D0840058B3B9 /* SearchView.swift in Sources */,
				45DB5E6E2A0EA80600CBE230 /* NetworkManager.swift in Sources */,
				45CE972D2A0FB4BB008EC77A /* EBC.swift in Sources */,
				45BEF1CE2A12C94D008F9926 /* StarRatingView.swift in Sources */,
				45DB5E5E2A0EA49200CBE230 /* ContentView.swift in Sources */,
				45DB5E6A2A0EA57000CBE230 /* Beer.swift in Sources */,
				45DB5E5C2A0EA49200CBE230 /* HoldMyBeerApp.swift in Sources */,
				45BEF1C42A1292AC008F9926 /* FileManager+DocDirectory.swift in Sources */,
				45DB5E702A0EA8DA00CBE230 /* NetworkError.swift in Sources */,
				45BEF1CA2A12C3E5008F9926 /* BrewListItem.swift in Sources */,
				45CE97312A0FEB1D008EC77A /* BeerManager+NetworkCalls.swift in Sources */,
				45BEF1CC2A12C887008F9926 /* Rating.swift in Sources */,
				45DB5E732A0EC12600CBE230 /* URLBuilder.swift in Sources */,
				45BEF1C82A12BFDA008F9926 /* InstructionListView.swift in Sources */,
				45C07A5E2A1101FC0058B3B9 /* Color+EBCColors.swift in Sources */,
				45FFCE9A2A11FC8D00D7F3A2 /* EmptyBrewView.swift in Sources */,
				45CE97222A0F997F008EC77A /* SearchParameter.swift in Sources */,
				45C07A5A2A10F0A80058B3B9 /* AlertData.swift in Sources */,
				45FFCE982A11F4F600D7F3A2 /* Brew.swift in Sources */,
				45158E792A114E1B009ABB14 /* BeerManager+Sortings.swift in Sources */,
				45C07A632A1112590058B3B9 /* BeerDetailView.swift in Sources */,
				45CE97282A0FB2BF008EC77A /* CommonProperties.swift in Sources */,
				45CE97202A0F9681008EC77A /* BeerSearchView.swift in Sources */,
				45158E712A114596009ABB14 /* BrewListView.swift in Sources */,
				45C07A562A10C8BE0058B3B9 /* SommelierView.swift in Sources */,
				45C07A542A10C2270058B3B9 /* ShowMoreButton.swift in Sources */,
				452703562A0F89E900469098 /* BeerCatalogView.swift in Sources */,
				45E455CD2A222CD2007456CE /* BeerListContent.swift in Sources */,
				45BEF1D02A12C9D2008F9926 /* RatingView.swift in Sources */,
				45FFCE962A11F33900D7F3A2 /* BrewView.swift in Sources */,
				45CE972B2A0FB2FD008EC77A /* IBU.swift in Sources */,
				45CE97332A0FED81008EC77A /* BeerListItem.swift in Sources */,
				45CE97242A0FAB58008EC77A /* ABV.swift in Sources */,
				45CE97262A0FAE0B008EC77A /* CommonPropertiesView.swift in Sources */,
				4562F31B2A0ED7350056201B /* BeerManager.swift in Sources */,
				45158E772A1147EE009ABB14 /* BrewManager.swift in Sources */,
				45C07A612A1109E00058B3B9 /* EBCScale.swift in Sources */,
				45C07A652A1122550058B3B9 /* IngredientsView.swift in Sources */,
				45158E7B2A115BAE009ABB14 /* Persistence.swift in Sources */,
				45BEF1C12A12889F008F9926 /* BrewManager+Instructions.swift in Sources */,
				45BEF1BD2A127AFE008F9926 /* BeerManager+AlertSetup.swift in Sources */,
			);
			runOnlyForDeploymentPostprocessing = 0;
		};
/* End PBXSourcesBuildPhase section */

/* Begin XCBuildConfiguration section */
		45DB5E642A0EA49300CBE230 /* Debug */ = {
			isa = XCBuildConfiguration;
			buildSettings = {
				ALWAYS_SEARCH_USER_PATHS = NO;
				CLANG_ANALYZER_NONNULL = YES;
				CLANG_ANALYZER_NUMBER_OBJECT_CONVERSION = YES_AGGRESSIVE;
				CLANG_CXX_LANGUAGE_STANDARD = "gnu++20";
				CLANG_ENABLE_MODULES = YES;
				CLANG_ENABLE_OBJC_ARC = YES;
				CLANG_ENABLE_OBJC_WEAK = YES;
				CLANG_WARN_BLOCK_CAPTURE_AUTORELEASING = YES;
				CLANG_WARN_BOOL_CONVERSION = YES;
				CLANG_WARN_COMMA = YES;
				CLANG_WARN_CONSTANT_CONVERSION = YES;
				CLANG_WARN_DEPRECATED_OBJC_IMPLEMENTATIONS = YES;
				CLANG_WARN_DIRECT_OBJC_ISA_USAGE = YES_ERROR;
				CLANG_WARN_DOCUMENTATION_COMMENTS = YES;
				CLANG_WARN_EMPTY_BODY = YES;
				CLANG_WARN_ENUM_CONVERSION = YES;
				CLANG_WARN_INFINITE_RECURSION = YES;
				CLANG_WARN_INT_CONVERSION = YES;
				CLANG_WARN_NON_LITERAL_NULL_CONVERSION = YES;
				CLANG_WARN_OBJC_IMPLICIT_RETAIN_SELF = YES;
				CLANG_WARN_OBJC_LITERAL_CONVERSION = YES;
				CLANG_WARN_OBJC_ROOT_CLASS = YES_ERROR;
				CLANG_WARN_QUOTED_INCLUDE_IN_FRAMEWORK_HEADER = YES;
				CLANG_WARN_RANGE_LOOP_ANALYSIS = YES;
				CLANG_WARN_STRICT_PROTOTYPES = YES;
				CLANG_WARN_SUSPICIOUS_MOVE = YES;
				CLANG_WARN_UNGUARDED_AVAILABILITY = YES_AGGRESSIVE;
				CLANG_WARN_UNREACHABLE_CODE = YES;
				CLANG_WARN__DUPLICATE_METHOD_MATCH = YES;
				COPY_PHASE_STRIP = NO;
				DEBUG_INFORMATION_FORMAT = dwarf;
				ENABLE_STRICT_OBJC_MSGSEND = YES;
				ENABLE_TESTABILITY = YES;
				GCC_C_LANGUAGE_STANDARD = gnu11;
				GCC_DYNAMIC_NO_PIC = NO;
				GCC_NO_COMMON_BLOCKS = YES;
				GCC_OPTIMIZATION_LEVEL = 0;
				GCC_PREPROCESSOR_DEFINITIONS = (
					"DEBUG=1",
					"$(inherited)",
				);
				GCC_WARN_64_TO_32_BIT_CONVERSION = YES;
				GCC_WARN_ABOUT_RETURN_TYPE = YES_ERROR;
				GCC_WARN_UNDECLARED_SELECTOR = YES;
				GCC_WARN_UNINITIALIZED_AUTOS = YES_AGGRESSIVE;
				GCC_WARN_UNUSED_FUNCTION = YES;
				GCC_WARN_UNUSED_VARIABLE = YES;
				IPHONEOS_DEPLOYMENT_TARGET = 16.4;
				MTL_ENABLE_DEBUG_INFO = INCLUDE_SOURCE;
				MTL_FAST_MATH = YES;
				ONLY_ACTIVE_ARCH = YES;
				SDKROOT = iphoneos;
				SWIFT_ACTIVE_COMPILATION_CONDITIONS = DEBUG;
				SWIFT_OPTIMIZATION_LEVEL = "-Onone";
			};
			name = Debug;
		};
		45DB5E652A0EA49300CBE230 /* Release */ = {
			isa = XCBuildConfiguration;
			buildSettings = {
				ALWAYS_SEARCH_USER_PATHS = NO;
				CLANG_ANALYZER_NONNULL = YES;
				CLANG_ANALYZER_NUMBER_OBJECT_CONVERSION = YES_AGGRESSIVE;
				CLANG_CXX_LANGUAGE_STANDARD = "gnu++20";
				CLANG_ENABLE_MODULES = YES;
				CLANG_ENABLE_OBJC_ARC = YES;
				CLANG_ENABLE_OBJC_WEAK = YES;
				CLANG_WARN_BLOCK_CAPTURE_AUTORELEASING = YES;
				CLANG_WARN_BOOL_CONVERSION = YES;
				CLANG_WARN_COMMA = YES;
				CLANG_WARN_CONSTANT_CONVERSION = YES;
				CLANG_WARN_DEPRECATED_OBJC_IMPLEMENTATIONS = YES;
				CLANG_WARN_DIRECT_OBJC_ISA_USAGE = YES_ERROR;
				CLANG_WARN_DOCUMENTATION_COMMENTS = YES;
				CLANG_WARN_EMPTY_BODY = YES;
				CLANG_WARN_ENUM_CONVERSION = YES;
				CLANG_WARN_INFINITE_RECURSION = YES;
				CLANG_WARN_INT_CONVERSION = YES;
				CLANG_WARN_NON_LITERAL_NULL_CONVERSION = YES;
				CLANG_WARN_OBJC_IMPLICIT_RETAIN_SELF = YES;
				CLANG_WARN_OBJC_LITERAL_CONVERSION = YES;
				CLANG_WARN_OBJC_ROOT_CLASS = YES_ERROR;
				CLANG_WARN_QUOTED_INCLUDE_IN_FRAMEWORK_HEADER = YES;
				CLANG_WARN_RANGE_LOOP_ANALYSIS = YES;
				CLANG_WARN_STRICT_PROTOTYPES = YES;
				CLANG_WARN_SUSPICIOUS_MOVE = YES;
				CLANG_WARN_UNGUARDED_AVAILABILITY = YES_AGGRESSIVE;
				CLANG_WARN_UNREACHABLE_CODE = YES;
				CLANG_WARN__DUPLICATE_METHOD_MATCH = YES;
				COPY_PHASE_STRIP = NO;
				DEBUG_INFORMATION_FORMAT = "dwarf-with-dsym";
				ENABLE_NS_ASSERTIONS = NO;
				ENABLE_STRICT_OBJC_MSGSEND = YES;
				GCC_C_LANGUAGE_STANDARD = gnu11;
				GCC_NO_COMMON_BLOCKS = YES;
				GCC_WARN_64_TO_32_BIT_CONVERSION = YES;
				GCC_WARN_ABOUT_RETURN_TYPE = YES_ERROR;
				GCC_WARN_UNDECLARED_SELECTOR = YES;
				GCC_WARN_UNINITIALIZED_AUTOS = YES_AGGRESSIVE;
				GCC_WARN_UNUSED_FUNCTION = YES;
				GCC_WARN_UNUSED_VARIABLE = YES;
				IPHONEOS_DEPLOYMENT_TARGET = 16.4;
				MTL_ENABLE_DEBUG_INFO = NO;
				MTL_FAST_MATH = YES;
				SDKROOT = iphoneos;
				SWIFT_COMPILATION_MODE = wholemodule;
				SWIFT_OPTIMIZATION_LEVEL = "-O";
				VALIDATE_PRODUCT = YES;
			};
			name = Release;
		};
		45DB5E672A0EA49300CBE230 /* Debug */ = {
			isa = XCBuildConfiguration;
			buildSettings = {
				ASSETCATALOG_COMPILER_APPICON_NAME = AppIcon;
				ASSETCATALOG_COMPILER_GLOBAL_ACCENT_COLOR_NAME = AccentColor;
				CODE_SIGN_STYLE = Automatic;
				CURRENT_PROJECT_VERSION = 1;
				DEVELOPMENT_ASSET_PATHS = "\"HoldMyBeer/Preview Content\"";
				DEVELOPMENT_TEAM = 928Q5FMY5V;
				ENABLE_PREVIEWS = YES;
				GENERATE_INFOPLIST_FILE = YES;
				INFOPLIST_KEY_CFBundleDisplayName = "Punk Beer";
				INFOPLIST_KEY_LSApplicationCategoryType = "public.app-category.food-and-drink";
				INFOPLIST_KEY_UIApplicationSceneManifest_Generation = YES;
				INFOPLIST_KEY_UIApplicationSupportsIndirectInputEvents = YES;
				INFOPLIST_KEY_UILaunchScreen_Generation = YES;
				INFOPLIST_KEY_UISupportedInterfaceOrientations_iPad = "UIInterfaceOrientationPortrait UIInterfaceOrientationPortraitUpsideDown UIInterfaceOrientationLandscapeLeft UIInterfaceOrientationLandscapeRight";
				INFOPLIST_KEY_UISupportedInterfaceOrientations_iPhone = "UIInterfaceOrientationPortrait UIInterfaceOrientationLandscapeLeft UIInterfaceOrientationLandscapeRight";
				LD_RUNPATH_SEARCH_PATHS = (
					"$(inherited)",
					"@executable_path/Frameworks",
				);
				MARKETING_VERSION = 1.0;
				PRODUCT_BUNDLE_IDENTIFIER = me.schatton.thomas.HoldMyBeer;
				PRODUCT_NAME = "$(TARGET_NAME)";
				SWIFT_EMIT_LOC_STRINGS = YES;
				SWIFT_VERSION = 5.0;
				TARGETED_DEVICE_FAMILY = "1,2";
			};
			name = Debug;
		};
		45DB5E682A0EA49300CBE230 /* Release */ = {
			isa = XCBuildConfiguration;
			buildSettings = {
				ASSETCATALOG_COMPILER_APPICON_NAME = AppIcon;
				ASSETCATALOG_COMPILER_GLOBAL_ACCENT_COLOR_NAME = AccentColor;
				CODE_SIGN_STYLE = Automatic;
				CURRENT_PROJECT_VERSION = 1;
				DEVELOPMENT_ASSET_PATHS = "\"HoldMyBeer/Preview Content\"";
				DEVELOPMENT_TEAM = 928Q5FMY5V;
				ENABLE_PREVIEWS = YES;
				GENERATE_INFOPLIST_FILE = YES;
				INFOPLIST_KEY_CFBundleDisplayName = "Punk Beer";
				INFOPLIST_KEY_LSApplicationCategoryType = "public.app-category.food-and-drink";
				INFOPLIST_KEY_UIApplicationSceneManifest_Generation = YES;
				INFOPLIST_KEY_UIApplicationSupportsIndirectInputEvents = YES;
				INFOPLIST_KEY_UILaunchScreen_Generation = YES;
				INFOPLIST_KEY_UISupportedInterfaceOrientations_iPad = "UIInterfaceOrientationPortrait UIInterfaceOrientationPortraitUpsideDown UIInterfaceOrientationLandscapeLeft UIInterfaceOrientationLandscapeRight";
				INFOPLIST_KEY_UISupportedInterfaceOrientations_iPhone = "UIInterfaceOrientationPortrait UIInterfaceOrientationLandscapeLeft UIInterfaceOrientationLandscapeRight";
				LD_RUNPATH_SEARCH_PATHS = (
					"$(inherited)",
					"@executable_path/Frameworks",
				);
				MARKETING_VERSION = 1.0;
				PRODUCT_BUNDLE_IDENTIFIER = me.schatton.thomas.HoldMyBeer;
				PRODUCT_NAME = "$(TARGET_NAME)";
				SWIFT_EMIT_LOC_STRINGS = YES;
				SWIFT_VERSION = 5.0;
				TARGETED_DEVICE_FAMILY = "1,2";
			};
			name = Release;
		};
/* End XCBuildConfiguration section */

/* Begin XCConfigurationList section */
		45DB5E532A0EA49200CBE230 /* Build configuration list for PBXProject "HoldMyBeer" */ = {
			isa = XCConfigurationList;
			buildConfigurations = (
				45DB5E642A0EA49300CBE230 /* Debug */,
				45DB5E652A0EA49300CBE230 /* Release */,
			);
			defaultConfigurationIsVisible = 0;
			defaultConfigurationName = Release;
		};
		45DB5E662A0EA49300CBE230 /* Build configuration list for PBXNativeTarget "HoldMyBeer" */ = {
			isa = XCConfigurationList;
			buildConfigurations = (
				45DB5E672A0EA49300CBE230 /* Debug */,
				45DB5E682A0EA49300CBE230 /* Release */,
			);
			defaultConfigurationIsVisible = 0;
			defaultConfigurationName = Release;
		};
/* End XCConfigurationList section */
	};
	rootObject = 45DB5E502A0EA49200CBE230 /* Project object */;
}
